
Microsoft Visual Studio Solution File, Format Version 12.00
# Visual Studio Version 16
VisualStudioVersion = 16.0.30204.135
MinimumVisualStudioVersion = 10.0.40219.1
Project("{FAE04EC0-301F-11D3-BF4B-00C04F79EFBC}") = "BMI", "BMI\BMI.csproj", "{ED864C0E-05D8-4734-A62D-71CB20312C2F}"
EndProject
Global
	GlobalSection(SolutionConfigurationPlatforms) = preSolution
		Debug|Any CPU = Debug|Any CPU
		Release|Any CPU = Release|Any CPU
	EndGlobalSection
	GlobalSection(ProjectConfigurationPlatforms) = postSolution
		{ED864C0E-05D8-4734-A62D-71CB20312C2F}.Debug|Any CPU.ActiveCfg = Debug|Any CPU
		{ED864C0E-05D8-4734-A62D-71CB20312C2F}.Debug|Any CPU.Build.0 = Debug|Any CPU
		{ED864C0E-05D8-4734-A62D-71CB20312C2F}.Release|Any CPU.ActiveCfg = Release|Any CPU
		{ED864C0E-05D8-4734-A62D-71CB20312C2F}.Release|Any CPU.Build.0 = Release|Any CPU
	EndGlobalSection
	GlobalSection(SolutionProperties) = preSolution
		HideSolutionNode = FALSE
	EndGlobalSection
	GlobalSection(ExtensibilityGlobals) = postSolution
		SolutionGuid = {E3FF5072-906D-41CF-8148-21011CAF28BC}
	EndGlobalSection
EndGlobal
